PODS:
  - Alamofire (4.0.1)
  - JASON (3.0)
  - Moya (8.0.0-beta.4):
    - Moya/Core (= 8.0.0-beta.4)
  - Moya-JASON (1.0.0-beta.1):
    - Moya-JASON/Core (= 1.0.0-beta.1)
  - Moya-JASON/Core (1.0.0-beta.1):
    - JASON (~> 3.0)
    - Moya (= 8.0.0-beta.4)
  - Moya/Core (8.0.0-beta.4):
    - Alamofire (~> 4.0)
    - Result (~> 3.0)
  - Result (3.0.0)

DEPENDENCIES:
  - Moya-JASON (from `../`)

EXTERNAL SOURCES:
  Moya-JASON:
    :path: "../"

SPEC CHECKSUMS:
  Alamofire: 7682d43245de14874acd142ec137b144aa1dd335
  JASON: cf4d762e61428a20db8eaef2acb6a569a10c1801
  Moya: bad6f72ec40661f09a8cd85ab470226d2795a485
  Moya-JASON: 70e10d4d45367a715a1629105bb8048a7e3b02c2
  Result: 1b3e431f37cbcd3ad89c6aa9ab0ae55515fae3b6

PODFILE CHECKSUM: 9e73af95c0fc56a4a5804903becc9ff90d190bb6

COCOAPODS: 1.1.1
